Microsoft Visual Studio Solution File, Format Version 12.00
# Visual Studio Version 17
VisualStudioVersion = 17.5.2.0
MinimumVisualStudioVersion = 10.0.40219.1
Project("{2150E333-8FDC-42A3-9474-1A3956D46DE8}") = "EduardoG", "EduardoG", "{B6DDF979-5A7C-6CB8-6CF8-AEEC0E1598F8}"
EndProject
Project("{2150E333-8FDC-42A3-9474-1A3956D46DE8}") = "Fontes", "Fontes", "{462D5C7E-A4F1-574A-612F-42330F22036E}"
EndProject
Project("{FAE04EC0-301F-11D3-BF4B-00C04F79EFBC}") = "MovimentosApp", "EduardoG\Fontes\MovimentosApp\MovimentosApp.csproj", "{1137EFE4-ED84-A9CC-3D3A-52ACE1309E6F}"
EndProject
Global
	GlobalSection(SolutionConfigurationPlatforms) = preSolution
		Debug|Any CPU = Debug|Any CPU
		Release|Any CPU = Release|Any CPU
	EndGlobalSection
	GlobalSection(ProjectConfigurationPlatforms) = postSolution
		{1137EFE4-ED84-A9CC-3D3A-52ACE1309E6F}.Debug|Any CPU.ActiveCfg = Debug|Any CPU
		{1137EFE4-ED84-A9CC-3D3A-52ACE1309E6F}.Debug|Any CPU.Build.0 = Debug|Any CPU
		{1137EFE4-ED84-A9CC-3D3A-52ACE1309E6F}.Release|Any CPU.ActiveCfg = Release|Any CPU
		{1137EFE4-ED84-A9CC-3D3A-52ACE1309E6F}.Release|Any CPU.Build.0 = Release|Any CPU
	EndGlobalSection
	GlobalSection(SolutionProperties) = preSolution
		HideSolutionNode = FALSE
	EndGlobalSection
	GlobalSection(NestedProjects) = preSolution
		{462D5C7E-A4F1-574A-612F-42330F22036E} = {B6DDF979-5A7C-6CB8-6CF8-AEEC0E1598F8}
		{1137EFE4-ED84-A9CC-3D3A-52ACE1309E6F} = {462D5C7E-A4F1-574A-612F-42330F22036E}
	EndGlobalSection
	GlobalSection(ExtensibilityGlobals) = postSolution
		SolutionGuid = {0028BBDA-8029-4B5B-9951-3F3E7356914B}
	EndGlobalSection
EndGlobal
